{
    "_meta": {
        "hash": {
            "sha256": "ec6d90164de2f8011c67c8c7ae48bc0540cae0d170d83a420ca024332942c26a"
        },
        "pipfile-spec": 6,
        "requires": {
            "python_version": "3"
        },
        "sources": [
            {
                "name": "pypi",
                "url": "https://pypi.org/simple",
                "verify_ssl": true
            }
        ]
    },
    "default": {
        "cffi": {
            "hashes": [
                "sha256:0c9ef6ff37e974b73c25eecc13952c55bceed9112be2d9d938ded8e856138bcc",
                "sha256:131fd094d1065b19540c3d72594260f118b231090295d8c34e19a7bbcf2e860a",
                "sha256:1b8ebc27c014c59692bb2664c7d13ce7a6e9a629be20e54e7271fa696ff2b417",
                "sha256:2c56b361916f390cd758a57f2e16233eb4f64bcbeee88a4881ea90fca14dc6ab",
                "sha256:2d92b25dbf6cae33f65005baf472d2c245c050b1ce709cc4588cdcdd5495b520",
                "sha256:31d13b0f99e0836b7ff893d37af07366ebc90b678b6664c955b54561fc36ef36",
                "sha256:32c68ef735dbe5857c810328cb2481e24722a59a2003018885514d4c09af9743",
                "sha256:3686dffb02459559c74dd3d81748269ffb0eb027c39a6fc99502de37d501faa8",
                "sha256:582215a0e9adbe0e379761260553ba11c58943e4bbe9c36430c4ca6ac74b15ed",
                "sha256:5b50bf3f55561dac5438f8e70bfcdfd74543fd60df5fa5f62d94e5867deca684",
                "sha256:5bf44d66cdf9e893637896c7faa22298baebcd18d1ddb6d2626a6e39793a1d56",
                "sha256:6602bc8dc6f3a9e02b6c22c4fc1e47aa50f8f8e6d3f78a5e16ac33ef5fefa324",
                "sha256:673739cb539f8cdaa07d92d02efa93c9ccf87e345b9a0b556e3ecc666718468d",
                "sha256:68678abf380b42ce21a5f2abde8efee05c114c2fdb2e9eef2efdb0257fba1235",
                "sha256:68e7c44931cc171c54ccb702482e9fc723192e88d25a0e133edd7aff8fcd1f6e",
                "sha256:6b3d6606d369fc1da4fd8c357d026317fbb9c9b75d36dc16e90e84c26854b088",
                "sha256:748dcd1e3d3d7cd5443ef03ce8685043294ad6bd7c02a38d1bd367cfd968e000",
                "sha256:7651c50c8c5ef7bdb41108b7b8c5a83013bfaa8a935590c5d74627c047a583c7",
                "sha256:7b78010e7b97fef4bee1e896df8a4bbb6712b7f05b7ef630f9d1da00f6444d2e",
                "sha256:7e61e3e4fa664a8588aa25c883eab612a188c725755afff6289454d6362b9673",
                "sha256:80876338e19c951fdfed6198e70bc88f1c9758b94578d5a7c4c91a87af3cf31c",
                "sha256:8895613bcc094d4a1b2dbe179d88d7fb4a15cee43c052e8885783fac397d91fe",
                "sha256:88e2b3c14bdb32e440be531ade29d3c50a1a59cd4e51b1dd8b0865c54ea5d2e2",
                "sha256:8f8e709127c6c77446a8c0a8c8bf3c8ee706a06cd44b1e827c3e6a2ee6b8c098",
                "sha256:9cb4a35b3642fc5c005a6755a5d17c6c8b6bcb6981baf81cea8bfbc8903e8ba8",
                "sha256:9f90389693731ff1f659e55c7d1640e2ec43ff725cc61b04b2f9c6d8d017df6a",
                "sha256:a09582f178759ee8128d9270cd1344154fd473bb77d94ce0aeb2a93ebf0feaf0",
                "sha256:a6a14b17d7e17fa0d207ac08642c8820f84f25ce17a442fd15e27ea18d67c59b",
                "sha256:a72e8961a86d19bdb45851d8f1f08b041ea37d2bd8d4fd19903bc3083d80c896",
                "sha256:abd808f9c129ba2beda4cfc53bde801e5bcf9d6e0f22f095e45327c038bfe68e",
                "sha256:ac0f5edd2360eea2f1daa9e26a41db02dd4b0451b48f7c318e217ee092a213e9",
                "sha256:b29ebffcf550f9da55bec9e02ad430c992a87e5f512cd63388abb76f1036d8d2",
                "sha256:b2ca4e77f9f47c55c194982e10f058db063937845bb2b7a86c84a6cfe0aefa8b",
                "sha256:b7be2d771cdba2942e13215c4e340bfd76398e9227ad10402a8767ab1865d2e6",
                "sha256:b84834d0cf97e7d27dd5b7f3aca7b6e9263c56308ab9dc8aae9784abb774d404",
                "sha256:b86851a328eedc692acf81fb05444bdf1891747c25af7529e39ddafaf68a4f3f",
                "sha256:bcb3ef43e58665bbda2fb198698fcae6776483e0c4a631aa5647806c25e02cc0",
                "sha256:c0f31130ebc2d37cdd8e44605fb5fa7ad59049298b3f745c74fa74c62fbfcfc4",
                "sha256:c6a164aa47843fb1b01e941d385aab7215563bb8816d80ff3a363a9f8448a8dc",
                "sha256:d8a9d3ebe49f084ad71f9269834ceccbf398253c9fac910c4fd7053ff1386936",
                "sha256:db8e577c19c0fda0beb7e0d4e09e0ba74b1e4c092e0e40bfa12fe05b6f6d75ba",
                "sha256:dc9b18bf40cc75f66f40a7379f6a9513244fe33c0e8aa72e2d56b0196a7ef872",
                "sha256:e09f3ff613345df5e8c3667da1d918f9149bd623cd9070c983c013792a9a62eb",
                "sha256:e4108df7fe9b707191e55f33efbcb2d81928e10cea45527879a4749cbe472614",
                "sha256:e6024675e67af929088fda399b2094574609396b1decb609c55fa58b028a32a1",
                "sha256:e70f54f1796669ef691ca07d046cd81a29cb4deb1e5f942003f401c0c4a2695d",
                "sha256:e715596e683d2ce000574bae5d07bd522c781a822866c20495e52520564f0969",
                "sha256:e760191dd42581e023a68b758769e2da259b5d52e3103c6060ddc02c9edb8d7b",
                "sha256:ed86a35631f7bfbb28e108dd96773b9d5a6ce4811cf6ea468bb6a359b256b1e4",
                "sha256:ee07e47c12890ef248766a6e55bd38ebfb2bb8edd4142d56db91b21ea68b7627",
                "sha256:fa3a0128b152627161ce47201262d3140edb5a5c3da88d73a1b790a959126956",
                "sha256:fcc8eb6d5902bb1cf6dc4f187ee3ea80a1eba0a89aba40a5cb20a5087d961357"
            ],
            "markers": "python_version >= '3.8'",
            "version": "==1.16.0"
        },
        "click": {
            "hashes": [
                "sha256:ae74fb96c20a0277a1d615f1e4d73c8414f5a98db8b799a7931d1582f3390c28",
                "sha256:ca9853ad459e787e2192211578cc907e7594e294c7ccc834310722b41b9ca6de"
            ],
            "markers": "python_version >= '3.7'",
            "version": "==8.1.7"
        },
        "clingo": {
            "hashes": [
                "sha256:06cc3bdd9bf0743b01f18e2d55ab2d819c8b894b595aeb85e2d392b8dfb6470e",
                "sha256:078db913c1e5d45d0d7145ded54eef4356ee7985148a1022a7ea6245948151e6",
                "sha256:097f4b9a7b1530c08cf1e7030f127007be9dce56af7691964b1ba13d832b3695",
                "sha256:1473b7c2bb448a7417d40249c1997bd9cda52eac207e479b34261aad56d1241b",
                "sha256:1660da82d1a3b603f000605a9c949f71ec23d2113b8535a147a589e8ba402f85",
                "sha256:1f8eb78639ac922fcd7ab9aefd361178bd14d416fdcb574cf91849390d710849",
                "sha256:20f972d5ddf05517e85a9821554b74808a0bf1e9e6253fb050ecfa0a39b00ed3",
                "sha256:251efc590809a9279b5c27b65e3ba3e9d7091ebfd4a768680ed43976980e0675",
                "sha256:268f8715e6a56600bf9a37e3b12b73f928ad320214f9d717f41b6256788a90b4",
                "sha256:2e4a09d81d597f4f8cde44904694a28d5a8ceae5ef8890a63455ec7ac9bb894f",
                "sha256:2f90b22fb6774e118d3165b63248a6f35ed342a12efc6cf6d502fa1897103028",
                "sha256:372107dbcf0f0d5902e4930af94668017a140148a06d0f4a73bed39f1b20ec62",
                "sha256:38fc24b7910174b66f1daabe113bacc7f000cc68ff917f1680b6e328885739e4",
                "sha256:437f653a71bae814371f4fc6ca55c420e90ab4da913038d2e635addbfc469a5c",
                "sha256:4872a6e9fb281574caab5b0b1e38b8494436f2734a3743c3f1d2fa4e4b897983",
                "sha256:4ac79bd1f57269f6e605a486daa975d7f4512d8e31619e229ae26d2484f4e735",
                "sha256:4ecc7b9c6f21ef96fc5a4263f1beffd4c0a7d51007fb800d1ffe52184ba8609b",
                "sha256:5164f1a8f015407b371640525e1e98ebbaf8029c2c5f0cfdf4266a7812208fe2",
                "sha256:5441c2ade5cb532107a0f0e23179037fc49e93ca9d3edc596a42150e42ddc704",
                "sha256:56c00b663cc85f5608fe0c986ab2123ce92f22862b7731ed5fd75f9f65cd38ba",
                "sha256:56d14fe4a6f4c9ceb0fb5b0fb07be64c787528c7367dbc04470fce9300f77032",
                "sha256:57bd736ce979319949a640a24bdc5cf291b052a8b03f451bf8259e2c9b12dc3c",
                "sha256:5dc22497de96011db65e64a1549c21a59ce82d5d759c8073a386d696b5d09879",
                "sha256:60d65ca17c03ba1ad7ff6d2fdf8b67ab3b745cf3c7dd5c11079c7f7f7af343cb",
                "sha256:637376e83ee9890538fb5198834d76757fe5e45bcdd2814c992f243bd543a78d",
                "sha256:6d4510da647b94215971e3a8f2943ea8a24c74539611e475fce2ea8d4ef0933c",
                "sha256:7696c3674da588e8fc3022dd0f8a6075ce9b043817df2fe545f36053f7875816",
                "sha256:7750f6e47bf2e725f93555cc9acd3b10d2ab73c2a3868e9eb6a098df9a6dd755",
                "sha256:77857e3bd799374f7f0c84e4570a6c996a344325b55b7c7658871059e73b1a7b",
                "sha256:79072191277891ca737843f0b6a12b4581e5eb9f05c3ac7af52d0196d22c25ef",
                "sha256:7df86b8b340859eb89e27c39d07b8ab9e8ba504a97fda623c9eae00e8a1470de",
                "sha256:80f64eafd635c785af27d1610e3add00db4815f7f6fb0931b938c9b5523b90f4",
                "sha256:81e8b5c37fbc1d91321a117e696aa69703656ec7b230e317e5df661bfdeaf4a0",
                "sha256:83e94bcfe9a91357f03debee91c4cb7ebbb1c4fd73fe93bdf024b3c6341c5cfb",
                "sha256:89834af8df2ac341f104a1f25b42fb7b882a0f1f9bbe1f43169bba431c7f6c64",
                "sha256:8c50fe1ec2be54c00c51faccd331532a26206c8834a84cd02576aa8ca024937f",
                "sha256:8cb5e07896af481ec27586e89bdcb4d923fe7b6073248c72ed144290199853a4",
                "sha256:90ba196bfbc0f1937b5c9f4d34da51cd1eeef8f01138877370d0194d5c1d968b",
                "sha256:9604075f35a28a499d91d48a9565364b0d6e5c3f1692e003ec88d5695891bc5f",
                "sha256:99e9afb77b44ba1a96ac225fcc6b94dda4dd3647c79eae50b1cf769e39ba2736",
                "sha256:9b55e43c41a28dd502e9d332c4191bb0fd5ee437c33ee7f277074a62d3f5864b",
                "sha256:9dd8609d45eb92ff78e8816f7be512552b2d76ef6160671a2d2d64628e01b40a",
                "sha256:9eea50b8841976ab0676f576457d6ccc7dc5b6ad84e539e80d4e96a9c90247a5",
                "sha256:a617ed3b17649f6792de599b723304dfea854beacd3ede237ad4bda0354bb76d",
                "sha256:a7f72423d83c48c4a0e9d508064116debc122b7d1a17badac7938822c7bdc19c",
                "sha256:ad43ca843c5d54a566572fbc08774184fcce59e7b2ea7b9bcf9c545430bc27c0",
                "sha256:ae882826e185986a346ccc8e5cc3056a52f9d9a1ccd6a78ad43dcd45b00ac7e6",
                "sha256:ae94270ab5e34d68322c4ca99604f5b0b662eae4002728762a5767e0a5a3a81c",
                "sha256:b1e579af1f6dbd9be70226a16bc7f02d82765e59d669685ca77aa008a8a1609e",
                "sha256:b29e9d3c28d857e2300cd68cd4e43e3c89ce9d338bc2e2057ce58fb6cf90ef33",
                "sha256:b4bceffb1860dcca78eece66643a67dfd6bc8450a67e798bc99140720c5418c2",
                "sha256:b654c048f5cbf4e3181f8ab129848c162b05f65bc9d7b78cf37d9753dcbb2617",
                "sha256:bcbeb881703b6f92d264e6e171473be22d292b88b4718c04a81cb3847ff72d6d",
                "sha256:c244f0a49c674c8ffa1271207b0e9cc5f0fd8f64211fb19ee420eafbeadbbe13",
                "sha256:c3b409291c8d97b50b1116c5edd407b5d4587a1e9b3314c7c1425bdf641bef60",
                "sha256:c419ccaa7bc2f5059e18ac3dbd7bbdaa0d2a53cdb73e6980c67e00385a9cccb3",
                "sha256:c5e692b927c587ae9f2c1dbb2af1a7bb033bdabeeb393a44956dfc725fb7c121",
                "sha256:c75e604f135f99da8c291c77c0ff4727c1ac5d3ddc6609a3078f897c37c46fc1",
                "sha256:ca16756928f9d768ae8cd849dac62282880badef6ad3225835282a059375966b",
                "sha256:cf048074662b34ac986203e67520d62b21451a0e19d9f2b01f71de6befba1a24",
                "sha256:d0f24acdc9637ca9dcb12a10148b70f1bfe882c474576a3f7a58e0d53216956d",
                "sha256:d5b465c6df121e69cb616dd1065e0aff4b8f1cf96572f403d492681db4301943",
                "sha256:dbf9b51c6ef5e58a74f7708be1d27f6275a7f89e86630b954114a7ffc9c4e623",
                "sha256:e00ea97cb6193a1d7043f5d3cdd79fb2ee99ca1f85ac07d215181aa497794e30",
                "sha256:e1797112c7419c74435e9fa59695f84d99f8a5bd1d6f41d70ae97ae8bc934b02",
                "sha256:e2234228a804ce35983a77cfbe823fc1beda0dd0302328f87bd3232c8c458fb8",
                "sha256:eeeaa3e5cb35e5b0b50fa34d90ec0dbc007764e055681b8977c85600c0f56c1c",
                "sha256:f17d4cfae74bf47eca2fc5ccda5f0fa6d428bd15ee96144e64217c49e720bc47",
                "sha256:f9ef256f0b4aca09d502f7727660f05373c59699f31d4d3eab7cf4a9c15e853f",
                "sha256:fc71099f8d91da2556a48a76abefe500c291018e1feb8e559564ae9f4162d3fc",
                "sha256:fee292ec94d6b5366b028ee446bcf2751aa24b36efdf722edcf7a538f576ac25"
            ],
            "index": "pypi",
            "version": "==5.6.2"
        },
        "cmake": {
            "hashes": [
                "sha256:009058bdf4f488709f38eaa5dd0ef0f89c6b9c6b6edd9d5b475a308ef75f80bb",
                "sha256:1b9067ce0251cba3d4c018f2e1577ba9078e9c1eff6ad607ad5ce867843d4571",
                "sha256:2fb48c780f1a6a3d19e785ebbb754be79d369e25a1cb81043fab049e709564da",
                "sha256:499b38c77d52fb1964dbb38d0228fed246263a181939a8e753fde8ca227c8e1e",
                "sha256:591f6b056527aefec009bc61a388776b2fc62444deb0038112a471031f61aeca",
                "sha256:68983b09de633fc1ce6ab6bce9a25bfa181e41598e7c6bc0a6c0108773ee01cb",
                "sha256:72289361866314f73be2ae63ddee224ff70223dcef9feb66d0072bf17e245564",
                "sha256:7bf96237ba11ce2437dc5e071d96b510120a1be4708c631a64b2f38fb46bbd77",
                "sha256:8056c99e371ff57229df2068364d7c32fea716cb53b4675f639edfb62663decf",
                "sha256:810e592b606d05a3080a9c19ea839b13226f62cae447a22485b2365782f6b926",
                "sha256:8bd1e1fa4fc8de7605c663d9408dceb649112f855aab05cca31fdb72e4d78364",
                "sha256:9f4a7c7be2a25de5901f045618f41b833ea6c0f647115201d38e4fdf7e2815bc",
                "sha256:b8a2fcb619b89d1cce7b52828316de9a1f27f0c90c2e39d1eae886428c8ee8c6",
                "sha256:bd40d46dbad3555d5b3ce054bef24b85f256b19139493773751ab6f2b71c1219",
                "sha256:bdbf0256f554f68c7b1d9740f5d059daf875b685c81a479cbe69038e84eb2fb9",
                "sha256:c981aafcca2cd7210bd210ec75710c0f34e1fde1998cdcab812e4133e3ab615d",
                "sha256:d582ef3e9ff0bd113581c1a32e881d1c2f9a34d2de76c93324a28593a76433db"
            ],
            "version": "==3.27.7"
        },
        "dlplan": {
            "git": "https://github.com/morxa/dlplan",
            "ref": "23be156cf9822ff9d94bcff7bd00394fcd74b0e9"
        },
        "flake8": {
            "hashes": [
                "sha256:d5b3857f07c030bdb5bf41c7f53799571d75c4491748a3adcd47de929e34cd23",
                "sha256:ffdfce58ea94c6580c77888a86506937f9a1a227dfcd15f245d694ae20a6b6e5"
            ],
            "index": "pypi",
            "version": "==6.1.0"
        },
        "iniconfig": {
            "hashes": [
                "sha256:2d91e135bf72d31a410b17c16da610a82cb55f6b0477d1a902134b24a455b8b3",
                "sha256:b6a85871a79d2e3b22d2d1b94ac2824226a63c6b741c88f7ae975f18b6778374"
            ],
            "markers": "python_version >= '3.7'",
            "version": "==2.0.0"
        },
        "lark": {
            "hashes": [
                "sha256:7d2c221a66a8165f3f81aacb958d26033d40d972fdb70213ab0a2e0627e29c86",
                "sha256:7ef424db57f59c1ffd6f0d4c2b705119927f566b68c0fe1942dddcc0e44391a5"
            ],
            "markers": "python_version >= '3.6'",
            "version": "==1.1.8"
        },
        "mccabe": {
            "hashes": [
                "sha256:348e0240c33b60bbdf4e523192ef919f28cb2c3d7d5c7794f74009290f236325",
                "sha256:6c2d30ab6be0e4a46919781807b4f0d834ebdd6c6e3dca0bda5a15f863427b6e"
            ],
            "markers": "python_version >= '3.6'",
            "version": "==0.7.0"
        },
        "packaging": {
            "hashes": [
                "sha256:048fb0e9405036518eaaf48a55953c750c11e1a1b68e0dd1a9d62ed0c092cfc5",
                "sha256:8c491190033a9af7e1d931d0b5dacc2ef47509b34dd0de67ed209b5203fc88c7"
            ],
            "markers": "python_version >= '3.7'",
            "version": "==23.2"
        },
        "pddl": {
            "hashes": [
                "sha256:189094c74984a882c71fe6f732fe96252cd3cc818a26c2bd989c4f2543062d17",
                "sha256:ccebc2a3b30c85060ff7a29a94af959a494b64bd983c5ef4e77d3ec3bd1c8fd7"
            ],
            "index": "pypi",
            "version": "==0.4.0"
        },
        "pluggy": {
            "hashes": [
                "sha256:cf61ae8f126ac6f7c451172cf30e3e43d3ca77615509771b3a984a0730651e12",
                "sha256:d89c696a773f8bd377d18e5ecda92b7a3793cbe66c87060a6fb58c7b6e1061f7"
            ],
            "markers": "python_version >= '3.8'",
            "version": "==1.3.0"
        },
        "pybind11": {
            "hashes": [
                "sha256:0bb621d3c45a049aa5923debb87c5c0e2668227905c55ebe8af722608d8ed927",
                "sha256:ec9be0c45061c829648d7e8c98a7d041768b768c934acd15196e0f1943d9a818"
            ],
            "markers": "python_version >= '3.6'",
            "version": "==2.10.4"
        },
        "pybind11-global": {
            "hashes": [
                "sha256:210fbae7e0b1f02f137abf90fe3992b26b3eb173b91d5a892fc13c79f6fd54f4",
                "sha256:2e8fef06c6f238ff437745221850047d9f987343c4a502b753a9fbd25215912e"
            ],
            "markers": "python_version >= '3.6'",
            "version": "==2.10.4"
        },
        "pycodestyle": {
            "hashes": [
                "sha256:41ba0e7afc9752dfb53ced5489e89f8186be00e599e712660695b7a75ff2663f",
                "sha256:44fe31000b2d866f2e41841b18528a505fbd7fef9017b04eff4e2648a0fadc67"
            ],
            "markers": "python_version >= '3.8'",
            "version": "==2.11.1"
        },
        "pycparser": {
            "hashes": [
                "sha256:8ee45429555515e1f6b185e78100aea234072576aa43ab53aefcae078162fca9",
                "sha256:e644fdec12f7872f86c58ff790da456218b10f863970249516d60a5eaca77206"
            ],
            "version": "==2.21"
        },
        "pyflakes": {
            "hashes": [
                "sha256:4132f6d49cb4dae6819e5379898f2b8cce3c5f23994194c24b77d5da2e36f774",
                "sha256:a0aae034c444db0071aa077972ba4768d40c830d9539fd45bf4cd3f8f6992efc"
            ],
            "markers": "python_version >= '3.8'",
            "version": "==3.1.0"
        },
        "pygraphviz": {
            "hashes": [
                "sha256:a97eb5ced266f45053ebb1f2c6c6d29091690503e3a5c14be7f908b37b06f2d4"
            ],
            "index": "pypi",
            "version": "==1.11"
        },
        "pytest": {
            "hashes": [
                "sha256:0d009c083ea859a71b76adf7c1d502e4bc170b80a8ef002da5806527b9591fac",
                "sha256:d989d136982de4e3b29dabcc838ad581c64e8ed52c11fbe86ddebd9da0818cd5"
            ],
            "index": "pypi",
            "version": "==7.4.3"
        },
        "state-space-generator": {
            "hashes": [
                "sha256:0c57fd8035b6cd3fd561b5b4ca098f78772465e8b81466d7e051fd71ba8f0491",
                "sha256:3aa86b94cf1dff645d77236567a2b2bebcb13b6c210e68ce4f5df37ec845cdc7",
                "sha256:4f967b03d47096699649e9d9ba45a1595d74a6532a48bc1a647b9a8ad5240340",
                "sha256:b6c6d6f51d23e3b48afc79e145fa1c9b5a06d96ea98bf8bf0968527017872e65",
                "sha256:ee5dc111b155b15a0ce0a48ee1f0cdbf6f093c75c861474e8179c69154eed5a4"
            ],
            "version": "==0.1.8"
        }
    },
    "develop": {}
}
