{
    "_meta": {
        "hash": {
            "sha256": "5d07aeb2ce057c2e3583bf2baae580cbe181904e663eb19b83fee6d9f5516bfc"
        },
        "pipfile-spec": 6,
        "requires": {
            "python_version": "3"
        },
        "sources": [
            {
                "name": "pypi",
                "url": "https://pypi.org/simple",
                "verify_ssl": true
            }
        ]
    },
    "default": {
        "click": {
            "hashes": [
                "sha256:ae74fb96c20a0277a1d615f1e4d73c8414f5a98db8b799a7931d1582f3390c28",
                "sha256:ca9853ad459e787e2192211578cc907e7594e294c7ccc834310722b41b9ca6de"
            ],
            "markers": "python_version >= '3.7'",
            "version": "==8.1.7"
        },
        "cmake": {
            "hashes": [
                "sha256:009058bdf4f488709f38eaa5dd0ef0f89c6b9c6b6edd9d5b475a308ef75f80bb",
                "sha256:1b9067ce0251cba3d4c018f2e1577ba9078e9c1eff6ad607ad5ce867843d4571",
                "sha256:2fb48c780f1a6a3d19e785ebbb754be79d369e25a1cb81043fab049e709564da",
                "sha256:499b38c77d52fb1964dbb38d0228fed246263a181939a8e753fde8ca227c8e1e",
                "sha256:591f6b056527aefec009bc61a388776b2fc62444deb0038112a471031f61aeca",
                "sha256:68983b09de633fc1ce6ab6bce9a25bfa181e41598e7c6bc0a6c0108773ee01cb",
                "sha256:72289361866314f73be2ae63ddee224ff70223dcef9feb66d0072bf17e245564",
                "sha256:7bf96237ba11ce2437dc5e071d96b510120a1be4708c631a64b2f38fb46bbd77",
                "sha256:8056c99e371ff57229df2068364d7c32fea716cb53b4675f639edfb62663decf",
                "sha256:810e592b606d05a3080a9c19ea839b13226f62cae447a22485b2365782f6b926",
                "sha256:8bd1e1fa4fc8de7605c663d9408dceb649112f855aab05cca31fdb72e4d78364",
                "sha256:9f4a7c7be2a25de5901f045618f41b833ea6c0f647115201d38e4fdf7e2815bc",
                "sha256:b8a2fcb619b89d1cce7b52828316de9a1f27f0c90c2e39d1eae886428c8ee8c6",
                "sha256:bd40d46dbad3555d5b3ce054bef24b85f256b19139493773751ab6f2b71c1219",
                "sha256:bdbf0256f554f68c7b1d9740f5d059daf875b685c81a479cbe69038e84eb2fb9",
                "sha256:c981aafcca2cd7210bd210ec75710c0f34e1fde1998cdcab812e4133e3ab615d",
                "sha256:d582ef3e9ff0bd113581c1a32e881d1c2f9a34d2de76c93324a28593a76433db"
            ],
            "version": "==3.27.7"
        },
        "dlplan": {
            "git": "https://github.com/morxa/dlplan",
            "ref": "55a4a54661c8f33c63ef8c3fd13d625cd1afba15"
        },
        "flake8": {
            "hashes": [
                "sha256:d5b3857f07c030bdb5bf41c7f53799571d75c4491748a3adcd47de929e34cd23",
                "sha256:ffdfce58ea94c6580c77888a86506937f9a1a227dfcd15f245d694ae20a6b6e5"
            ],
            "index": "pypi",
            "version": "==6.1.0"
        },
        "iniconfig": {
            "hashes": [
                "sha256:2d91e135bf72d31a410b17c16da610a82cb55f6b0477d1a902134b24a455b8b3",
                "sha256:b6a85871a79d2e3b22d2d1b94ac2824226a63c6b741c88f7ae975f18b6778374"
            ],
            "markers": "python_version >= '3.7'",
            "version": "==2.0.0"
        },
        "lark": {
            "hashes": [
                "sha256:7d2c221a66a8165f3f81aacb958d26033d40d972fdb70213ab0a2e0627e29c86",
                "sha256:7ef424db57f59c1ffd6f0d4c2b705119927f566b68c0fe1942dddcc0e44391a5"
            ],
            "markers": "python_version >= '3.6'",
            "version": "==1.1.8"
        },
        "mccabe": {
            "hashes": [
                "sha256:348e0240c33b60bbdf4e523192ef919f28cb2c3d7d5c7794f74009290f236325",
                "sha256:6c2d30ab6be0e4a46919781807b4f0d834ebdd6c6e3dca0bda5a15f863427b6e"
            ],
            "markers": "python_version >= '3.6'",
            "version": "==0.7.0"
        },
        "packaging": {
            "hashes": [
                "sha256:048fb0e9405036518eaaf48a55953c750c11e1a1b68e0dd1a9d62ed0c092cfc5",
                "sha256:8c491190033a9af7e1d931d0b5dacc2ef47509b34dd0de67ed209b5203fc88c7"
            ],
            "markers": "python_version >= '3.7'",
            "version": "==23.2"
        },
        "pddl": {
            "hashes": [
                "sha256:189094c74984a882c71fe6f732fe96252cd3cc818a26c2bd989c4f2543062d17",
                "sha256:ccebc2a3b30c85060ff7a29a94af959a494b64bd983c5ef4e77d3ec3bd1c8fd7"
            ],
            "index": "pypi",
            "version": "==0.4.0"
        },
        "pluggy": {
            "hashes": [
                "sha256:cf61ae8f126ac6f7c451172cf30e3e43d3ca77615509771b3a984a0730651e12",
                "sha256:d89c696a773f8bd377d18e5ecda92b7a3793cbe66c87060a6fb58c7b6e1061f7"
            ],
            "markers": "python_version >= '3.8'",
            "version": "==1.3.0"
        },
        "pybind11": {
            "hashes": [
                "sha256:0bb621d3c45a049aa5923debb87c5c0e2668227905c55ebe8af722608d8ed927",
                "sha256:ec9be0c45061c829648d7e8c98a7d041768b768c934acd15196e0f1943d9a818"
            ],
            "markers": "python_version >= '3.6'",
            "version": "==2.10.4"
        },
        "pybind11-global": {
            "hashes": [
                "sha256:210fbae7e0b1f02f137abf90fe3992b26b3eb173b91d5a892fc13c79f6fd54f4",
                "sha256:2e8fef06c6f238ff437745221850047d9f987343c4a502b753a9fbd25215912e"
            ],
            "markers": "python_version >= '3.6'",
            "version": "==2.10.4"
        },
        "pycodestyle": {
            "hashes": [
                "sha256:41ba0e7afc9752dfb53ced5489e89f8186be00e599e712660695b7a75ff2663f",
                "sha256:44fe31000b2d866f2e41841b18528a505fbd7fef9017b04eff4e2648a0fadc67"
            ],
            "markers": "python_version >= '3.8'",
            "version": "==2.11.1"
        },
        "pyflakes": {
            "hashes": [
                "sha256:4132f6d49cb4dae6819e5379898f2b8cce3c5f23994194c24b77d5da2e36f774",
                "sha256:a0aae034c444db0071aa077972ba4768d40c830d9539fd45bf4cd3f8f6992efc"
            ],
            "markers": "python_version >= '3.8'",
            "version": "==3.1.0"
        },
        "pytest": {
            "hashes": [
                "sha256:0d009c083ea859a71b76adf7c1d502e4bc170b80a8ef002da5806527b9591fac",
                "sha256:d989d136982de4e3b29dabcc838ad581c64e8ed52c11fbe86ddebd9da0818cd5"
            ],
            "index": "pypi",
            "version": "==7.4.3"
        },
        "state-space-generator": {
            "hashes": [
                "sha256:0c57fd8035b6cd3fd561b5b4ca098f78772465e8b81466d7e051fd71ba8f0491",
                "sha256:3aa86b94cf1dff645d77236567a2b2bebcb13b6c210e68ce4f5df37ec845cdc7",
                "sha256:4f967b03d47096699649e9d9ba45a1595d74a6532a48bc1a647b9a8ad5240340",
                "sha256:b6c6d6f51d23e3b48afc79e145fa1c9b5a06d96ea98bf8bf0968527017872e65",
                "sha256:ee5dc111b155b15a0ce0a48ee1f0cdbf6f093c75c861474e8179c69154eed5a4"
            ],
            "version": "==0.1.8"
        }
    },
    "develop": {}
}
